// !$*UTF8*$!
{
	archiveVersion = 1;
	classes = {
	};
	objectVersion = 50;
	objects = {

/* Begin PBXBuildFile section */
		62E0E084220F8C2200B6AC59 /* AppDelegate.swift in Sources */ = {isa = PBXBuildFile; fileRef = 62E0E083220F8C2200B6AC59 /* AppDelegate.swift */; };
		62E0E086220F8C2200B6AC59 /* ViewController.swift in Sources */ = {isa = PBXBuildFile; fileRef = 62E0E085220F8C2200B6AC59 /* ViewController.swift */; };
		62E0E089220F8C2200B6AC59 /* Main.storyboard in Resources */ = {isa = PBXBuildFile; fileRef = 62E0E087220F8C2200B6AC59 /* Main.storyboard */; };
		62E0E08B220F8C2500B6AC59 /* Assets.xcassets in Resources */ = {isa = PBXBuildFile; fileRef = 62E0E08A220F8C2500B6AC59 /* Assets.xcassets */; };
		62E0E08E220F8C2500B6AC59 /* LaunchScreen.storyboard in Resources */ = {isa = PBXBuildFile; fileRef = 62E0E08C220F8C2500B6AC59 /* LaunchScreen.storyboard */; };
		62E0E099220F8C2600B6AC59 /* mercadopagoApiTests.swift in Sources */ = {isa = PBXBuildFile; fileRef = 62E0E098220F8C2600B6AC59 /* mercadopagoApiTests.swift */; };
		62E0E0A4220F8C2600B6AC59 /* mercadopagoApiUITests.swift in Sources */ = {isa = PBXBuildFile; fileRef = 62E0E0A3220F8C2600B6AC59 /* mercadopagoApiUITests.swift */; };
		667EF59F8C2D7FF092005E34 /* Pods_mercadopagoApiTests.framework in Frameworks */ = {isa = PBXBuildFile; fileRef = 542EC5701EF93A4921D7E2A6 /* Pods_mercadopagoApiTests.framework */; };
		76EAD3A4921388506B356230 /* Pods_mercadopagoApiUITests.framework in Frameworks */ = {isa = PBXBuildFile; fileRef = B6090EDA2B6DFBFB1E347F74 /* Pods_mercadopagoApiUITests.framework */; };
		FA11D5135F84BAC7631CE17B /* Pods_mercadopagoApi.framework in Frameworks */ = {isa = PBXBuildFile; fileRef = 9A7B13ACDE152C7C1974F1E8 /* Pods_mercadopagoApi.framework */; };
/* End PBXBuildFile section */

/* Begin PBXContainerItemProxy section */
		62E0E095220F8C2600B6AC59 /* PBXContainerItemProxy */ = {
			isa = PBXContainerItemProxy;
			containerPortal = 62E0E078220F8C2200B6AC59 /* Project object */;
			proxyType = 1;
			remoteGlobalIDString = 62E0E07F220F8C2200B6AC59;
			remoteInfo = mercadopagoApi;
		};
		62E0E0A0220F8C2600B6AC59 /* PBXContainerItemProxy */ = {
			isa = PBXContainerItemProxy;
			containerPortal = 62E0E078220F8C2200B6AC59 /* Project object */;
			proxyType = 1;
			remoteGlobalIDString = 62E0E07F220F8C2200B6AC59;
			remoteInfo = mercadopagoApi;
		};
/* End PBXContainerItemProxy section */

/* Begin PBXFileReference section */
		07C557956376692EB1537D31 /* Pods-mercadopagoApi.release.xcconfig */ = {isa = PBXFileReference; includeInIndex = 1; lastKnownFileType = text.xcconfig; name = "Pods-mercadopagoApi.release.xcconfig"; path = "Target Support Files/Pods-mercadopagoApi/Pods-mercadopagoApi.release.xcconfig"; sourceTree = "<group>"; };
		542EC5701EF93A4921D7E2A6 /* Pods_mercadopagoApiTests.framework */ = {isa = PBXFileReference; explicitFileType = wrapper.framework; includeInIndex = 0; path = Pods_mercadopagoApiTests.framework; sourceTree = BUILT_PRODUCTS_DIR; };
		5AF5AC80B687565A0C2D768A /* Pods-mercadopagoApiTests.release.xcconfig */ = {isa = PBXFileReference; includeInIndex = 1; lastKnownFileType = text.xcconfig; name = "Pods-mercadopagoApiTests.release.xcconfig"; path = "Target Support Files/Pods-mercadopagoApiTests/Pods-mercadopagoApiTests.release.xcconfig"; sourceTree = "<group>"; };
		62E0E080220F8C2200B6AC59 /* mercadopagoApi.app */ = {isa = PBXFileReference; explicitFileType = wrapper.application; includeInIndex = 0; path = mercadopagoApi.app; sourceTree = BUILT_PRODUCTS_DIR; };
		62E0E083220F8C2200B6AC59 /* AppDelegate.swift */ = {isa = PBXFileReference; lastKnownFileType = sourcecode.swift; path = AppDelegate.swift; sourceTree = "<group>"; };
		62E0E085220F8C2200B6AC59 /* ViewController.swift */ = {isa = PBXFileReference; lastKnownFileType = sourcecode.swift; path = ViewController.swift; sourceTree = "<group>"; };
		62E0E088220F8C2200B6AC59 /* Base */ = {isa = PBXFileReference; lastKnownFileType = file.storyboard; name = Base; path = Base.lproj/Main.storyboard; sourceTree = "<group>"; };
		62E0E08A220F8C2500B6AC59 /* Assets.xcassets */ = {isa = PBXFileReference; lastKnownFileType = folder.assetcatalog; path = Assets.xcassets; sourceTree = "<group>"; };
		62E0E08D220F8C2500B6AC59 /* Base */ = {isa = PBXFileReference; lastKnownFileType = file.storyboard; name = Base; path = Base.lproj/LaunchScreen.storyboard; sourceTree = "<group>"; };
		62E0E08F220F8C2500B6AC59 /* Info.plist */ = {isa = PBXFileReference; lastKnownFileType = text.plist.xml; path = Info.plist; sourceTree = "<group>"; };
		62E0E094220F8C2600B6AC59 /* mercadopagoApiTests.xctest */ = {isa = PBXFileReference; explicitFileType = wrapper.cfbundle; includeInIndex = 0; path = mercadopagoApiTests.xctest; sourceTree = BUILT_PRODUCTS_DIR; };
		62E0E098220F8C2600B6AC59 /* mercadopagoApiTests.swift */ = {isa = PBXFileReference; lastKnownFileType = sourcecode.swift; path = mercadopagoApiTests.swift; sourceTree = "<group>"; };
		62E0E09A220F8C2600B6AC59 /* Info.plist */ = {isa = PBXFileReference; lastKnownFileType = text.plist.xml; path = Info.plist; sourceTree = "<group>"; };
		62E0E09F220F8C2600B6AC59 /* mercadopagoApiUITests.xctest */ = {isa = PBXFileReference; explicitFileType = wrapper.cfbundle; includeInIndex = 0; path = mercadopagoApiUITests.xctest; sourceTree = BUILT_PRODUCTS_DIR; };
		62E0E0A3220F8C2600B6AC59 /* mercadopagoApiUITests.swift */ = {isa = PBXFileReference; lastKnownFileType = sourcecode.swift; path = mercadopagoApiUITests.swift; sourceTree = "<group>"; };
		62E0E0A5220F8C2600B6AC59 /* Info.plist */ = {isa = PBXFileReference; lastKnownFileType = text.plist.xml; path = Info.plist; sourceTree = "<group>"; };
		78199C22D1EC4E2BBF5130AB /* Pods-mercadopagoApiUITests.debug.xcconfig */ = {isa = PBXFileReference; includeInIndex = 1; lastKnownFileType = text.xcconfig; name = "Pods-mercadopagoApiUITests.debug.xcconfig"; path = "Target Support Files/Pods-mercadopagoApiUITests/Pods-mercadopagoApiUITests.debug.xcconfig"; sourceTree = "<group>"; };
		7F399BF95D75971438F2BAC4 /* Pods-mercadopagoApi.debug.xcconfig */ = {isa = PBXFileReference; includeInIndex = 1; lastKnownFileType = text.xcconfig; name = "Pods-mercadopagoApi.debug.xcconfig"; path = "Target Support Files/Pods-mercadopagoApi/Pods-mercadopagoApi.debug.xcconfig"; sourceTree = "<group>"; };
		9A7B13ACDE152C7C1974F1E8 /* Pods_mercadopagoApi.framework */ = {isa = PBXFileReference; explicitFileType = wrapper.framework; includeInIndex = 0; path = Pods_mercadopagoApi.framework; sourceTree = BUILT_PRODUCTS_DIR; };
		B6090EDA2B6DFBFB1E347F74 /* Pods_mercadopagoApiUITests.framework */ = {isa = PBXFileReference; explicitFileType = wrapper.framework; includeInIndex = 0; path = Pods_mercadopagoApiUITests.framework; sourceTree = BUILT_PRODUCTS_DIR; };
		B7C225957E7D48E4AE8B1E7D /* Pods-mercadopagoApiTests.debug.xcconfig */ = {isa = PBXFileReference; includeInIndex = 1; lastKnownFileType = text.xcconfig; name = "Pods-mercadopagoApiTests.debug.xcconfig"; path = "Target Support Files/Pods-mercadopagoApiTests/Pods-mercadopagoApiTests.debug.xcconfig"; sourceTree = "<group>"; };
		FF7F788BD6AB148276A13BA3 /* Pods-mercadopagoApiUITests.release.xcconfig */ = {isa = PBXFileReference; includeInIndex = 1; lastKnownFileType = text.xcconfig; name = "Pods-mercadopagoApiUITests.release.xcconfig"; path = "Target Support Files/Pods-mercadopagoApiUITests/Pods-mercadopagoApiUITests.release.xcconfig"; sourceTree = "<group>"; };
/* End PBXFileReference section */

/* Begin PBXFrameworksBuildPhase section */
		62E0E07D220F8C2200B6AC59 /* Frameworks */ = {
			isa = PBXFrameworksBuildPhase;
			buildActionMask = 2147483647;
			files = (
				FA11D5135F84BAC7631CE17B /* Pods_mercadopagoApi.framework in Frameworks */,
			);
			runOnlyForDeploymentPostprocessing = 0;
		};
		62E0E091220F8C2600B6AC59 /* Frameworks */ = {
			isa = PBXFrameworksBuildPhase;
			buildActionMask = 2147483647;
			files = (
				667EF59F8C2D7FF092005E34 /* Pods_mercadopagoApiTests.framework in Frameworks */,
			);
			runOnlyForDeploymentPostprocessing = 0;
		};
		62E0E09C220F8C2600B6AC59 /* Frameworks */ = {
			isa = PBXFrameworksBuildPhase;
			buildActionMask = 2147483647;
			files = (
				76EAD3A4921388506B356230 /* Pods_mercadopagoApiUITests.framework in Frameworks */,
			);
			runOnlyForDeploymentPostprocessing = 0;
		};
/* End PBXFrameworksBuildPhase section */

/* Begin PBXGroup section */
		542F4EE2A71A4B181D16B8E2 /* Frameworks */ = {
			isa = PBXGroup;
			children = (
				9A7B13ACDE152C7C1974F1E8 /* Pods_mercadopagoApi.framework */,
				542EC5701EF93A4921D7E2A6 /* Pods_mercadopagoApiTests.framework */,
				B6090EDA2B6DFBFB1E347F74 /* Pods_mercadopagoApiUITests.framework */,
			);
			name = Frameworks;
			sourceTree = "<group>";
		};
		62E0E077220F8C2200B6AC59 = {
			isa = PBXGroup;
			children = (
				62E0E082220F8C2200B6AC59 /* mercadopagoApi */,
				62E0E097220F8C2600B6AC59 /* mercadopagoApiTests */,
				62E0E0A2220F8C2600B6AC59 /* mercadopagoApiUITests */,
				62E0E081220F8C2200B6AC59 /* Products */,
				688F87F7F3185050C62973B6 /* Pods */,
				542F4EE2A71A4B181D16B8E2 /* Frameworks */,
			);
			sourceTree = "<group>";
		};
		62E0E081220F8C2200B6AC59 /* Products */ = {
			isa = PBXGroup;
			children = (
				62E0E080220F8C2200B6AC59 /* mercadopagoApi.app */,
				62E0E094220F8C2600B6AC59 /* mercadopagoApiTests.xctest */,
				62E0E09F220F8C2600B6AC59 /* mercadopagoApiUITests.xctest */,
			);
			name = Products;
			sourceTree = "<group>";
		};
		62E0E082220F8C2200B6AC59 /* mercadopagoApi */ = {
			isa = PBXGroup;
			children = (
				62E0E083220F8C2200B6AC59 /* AppDelegate.swift */,
				62E0E085220F8C2200B6AC59 /* ViewController.swift */,
				62E0E087220F8C2200B6AC59 /* Main.storyboard */,
				62E0E08A220F8C2500B6AC59 /* Assets.xcassets */,
				62E0E08C220F8C2500B6AC59 /* LaunchScreen.storyboard */,
				62E0E08F220F8C2500B6AC59 /* Info.plist */,
			);
			path = mercadopagoApi;
			sourceTree = "<group>";
		};
		62E0E097220F8C2600B6AC59 /* mercadopagoApiTests */ = {
			isa = PBXGroup;
			children = (
				62E0E098220F8C2600B6AC59 /* mercadopagoApiTests.swift */,
				62E0E09A220F8C2600B6AC59 /* Info.plist */,
			);
			path = mercadopagoApiTests;
			sourceTree = "<group>";
		};
		62E0E0A2220F8C2600B6AC59 /* mercadopagoApiUITests */ = {
			isa = PBXGroup;
			children = (
				62E0E0A3220F8C2600B6AC59 /* mercadopagoApiUITests.swift */,
				62E0E0A5220F8C2600B6AC59 /* Info.plist */,
			);
			path = mercadopagoApiUITests;
			sourceTree = "<group>";
		};
		688F87F7F3185050C62973B6 /* Pods */ = {
			isa = PBXGroup;
			children = (
				7F399BF95D75971438F2BAC4 /* Pods-mercadopagoApi.debug.xcconfig */,
				07C557956376692EB1537D31 /* Pods-mercadopagoApi.release.xcconfig */,
				B7C225957E7D48E4AE8B1E7D /* Pods-mercadopagoApiTests.debug.xcconfig */,
				5AF5AC80B687565A0C2D768A /* Pods-mercadopagoApiTests.release.xcconfig */,
				78199C22D1EC4E2BBF5130AB /* Pods-mercadopagoApiUITests.debug.xcconfig */,
				FF7F788BD6AB148276A13BA3 /* Pods-mercadopagoApiUITests.release.xcconfig */,
			);
			name = Pods;
			path = Pods;
			sourceTree = "<group>";
		};
/* End PBXGroup section */

/* Begin PBXNativeTarget section */
		62E0E07F220F8C2200B6AC59 /* mercadopagoApi */ = {
			isa = PBXNativeTarget;
			buildConfigurationList = 62E0E0A8220F8C2600B6AC59 /* Build configuration list for PBXNativeTarget "mercadopagoApi" */;
			buildPhases = (
				62E8B2C252246CDC42E51E1D /* [CP] Check Pods Manifest.lock */,
				62E0E07C220F8C2200B6AC59 /* Sources */,
				62E0E07D220F8C2200B6AC59 /* Frameworks */,
				62E0E07E220F8C2200B6AC59 /* Resources */,
				C644A6E3424BFC38D17CBEC5 /* [CP] Embed Pods Frameworks */,
			);
			buildRules = (
			);
			dependencies = (
			);
			name = mercadopagoApi;
			productName = mercadopagoApi;
			productReference = 62E0E080220F8C2200B6AC59 /* mercadopagoApi.app */;
			productType = "com.apple.product-type.application";
		};
		62E0E093220F8C2600B6AC59 /* mercadopagoApiTests */ = {
			isa = PBXNativeTarget;
			buildConfigurationList = 62E0E0AB220F8C2600B6AC59 /* Build configuration list for PBXNativeTarget "mercadopagoApiTests" */;
			buildPhases = (
				97D07CE1BDAE5F72EC5ED92D /* [CP] Check Pods Manifest.lock */,
				62E0E090220F8C2600B6AC59 /* Sources */,
				62E0E091220F8C2600B6AC59 /* Frameworks */,
				62E0E092220F8C2600B6AC59 /* Resources */,
			);
			buildRules = (
			);
			dependencies = (
				62E0E096220F8C2600B6AC59 /* PBXTargetDependency */,
			);
			name = mercadopagoApiTests;
			productName = mercadopagoApiTests;
			productReference = 62E0E094220F8C2600B6AC59 /* mercadopagoApiTests.xctest */;
			productType = "com.apple.product-type.bundle.unit-test";
		};
		62E0E09E220F8C2600B6AC59 /* mercadopagoApiUITests */ = {
			isa = PBXNativeTarget;
			buildConfigurationList = 62E0E0AE220F8C2600B6AC59 /* Build configuration list for PBXNativeTarget "mercadopagoApiUITests" */;
			buildPhases = (
				9557BE4203B4E750DD4F3A59 /* [CP] Check Pods Manifest.lock */,
				62E0E09B220F8C2600B6AC59 /* Sources */,
				62E0E09C220F8C2600B6AC59 /* Frameworks */,
				62E0E09D220F8C2600B6AC59 /* Resources */,
			);
			buildRules = (
			);
			dependencies = (
				62E0E0A1220F8C2600B6AC59 /* PBXTargetDependency */,
			);
			name = mercadopagoApiUITests;
			productName = mercadopagoApiUITests;
			productReference = 62E0E09F220F8C2600B6AC59 /* mercadopagoApiUITests.xctest */;
			productType = "com.apple.product-type.bundle.ui-testing";
		};
/* End PBXNativeTarget section */

/* Begin PBXProject section */
		62E0E078220F8C2200B6AC59 /* Project object */ = {
			isa = PBXProject;
			attributes = {
				LastSwiftUpdateCheck = 1010;
				LastUpgradeCheck = 1010;
				ORGANIZATIONNAME = Roberto;
				TargetAttributes = {
					62E0E07F220F8C2200B6AC59 = {
						CreatedOnToolsVersion = 10.1;
					};
					62E0E093220F8C2600B6AC59 = {
						CreatedOnToolsVersion = 10.1;
						TestTargetID = 62E0E07F220F8C2200B6AC59;
					};
					62E0E09E220F8C2600B6AC59 = {
						CreatedOnToolsVersion = 10.1;
						TestTargetID = 62E0E07F220F8C2200B6AC59;
					};
				};
			};
			buildConfigurationList = 62E0E07B220F8C2200B6AC59 /* Build configuration list for PBXProject "mercadopagoApi" */;
			compatibilityVersion = "Xcode 9.3";
			developmentRegion = en;
			hasScannedForEncodings = 0;
			knownRegions = (
				en,
				Base,
			);
			mainGroup = 62E0E077220F8C2200B6AC59;
			productRefGroup = 62E0E081220F8C2200B6AC59 /* Products */;
			projectDirPath = "";
			projectRoot = "";
			targets = (
				62E0E07F220F8C2200B6AC59 /* mercadopagoApi */,
				62E0E093220F8C2600B6AC59 /* mercadopagoApiTests */,
				62E0E09E220F8C2600B6AC59 /* mercadopagoApiUITests */,
			);
		};
/* End PBXProject section */

/* Begin PBXResourcesBuildPhase section */
		62E0E07E220F8C2200B6AC59 /* Resources */ = {
			isa = PBXResourcesBuildPhase;
			buildActionMask = 2147483647;
			files = (
				62E0E08E220F8C2500B6AC59 /* LaunchScreen.storyboard in Resources */,
				62E0E08B220F8C2500B6AC59 /* Assets.xcassets in Resources */,
				62E0E089220F8C2200B6AC59 /* Main.storyboard in Resources */,
			);
			runOnlyForDeploymentPostprocessing = 0;
		};
		62E0E092220F8C2600B6AC59 /* Resources */ = {
			isa = PBXResourcesBuildPhase;
			buildActionMask = 2147483647;
			files = (
			);
			runOnlyForDeploymentPostprocessing = 0;
		};
		62E0E09D220F8C2600B6AC59 /* Resources */ = {
			isa = PBXResourcesBuildPhase;
			buildActionMask = 2147483647;
			files = (
			);
			runOnlyForDeploymentPostprocessing = 0;
		};
/* End PBXResourcesBuildPhase section */

/* Begin PBXShellScriptBuildPhase section */
		62E8B2C252246CDC42E51E1D /* [CP] Check Pods Manifest.lock */ = {
			isa = PBXShellScriptBuildPhase;
			buildActionMask = 2147483647;
			files = (
			);
			inputFileListPaths = (
			);
			inputPaths = (
				"${PODS_PODFILE_DIR_PATH}/Podfile.lock",
				"${PODS_ROOT}/Manifest.lock",
			);
			name = "[CP] Check Pods Manifest.lock";
			outputFileListPaths = (
			);
			outputPaths = (
				"$(DERIVED_FILE_DIR)/Pods-mercadopagoApi-checkManifestLockResult.txt",
			);
			runOnlyForDeploymentPostprocessing = 0;
			shellPath = /bin/sh;
			shellScript = "diff \"${PODS_PODFILE_DIR_PATH}/Podfile.lock\" \"${PODS_ROOT}/Manifest.lock\" > /dev/null\nif [ $? != 0 ] ; then\n    # print error to STDERR\n    echo \"error: The sandbox is not in sync with the Podfile.lock. Run 'pod install' or update your CocoaPods installation.\" >&2\n    exit 1\nfi\n# This output is used by Xcode 'outputs' to avoid re-running this script phase.\necho \"SUCCESS\" > \"${SCRIPT_OUTPUT_FILE_0}\"\n";
			showEnvVarsInLog = 0;
		};
		9557BE4203B4E750DD4F3A59 /* [CP] Check Pods Manifest.lock */ = {
			isa = PBXShellScriptBuildPhase;
			buildActionMask = 2147483647;
			files = (
			);
			inputFileListPaths = (
			);
			inputPaths = (
				"${PODS_PODFILE_DIR_PATH}/Podfile.lock",
				"${PODS_ROOT}/Manifest.lock",
			);
			name = "[CP] Check Pods Manifest.lock";
			outputFileListPaths = (
			);
			outputPaths = (
				"$(DERIVED_FILE_DIR)/Pods-mercadopagoApiUITests-checkManifestLockResult.txt",
			);
			runOnlyForDeploymentPostprocessing = 0;
			shellPath = /bin/sh;
			shellScript = "diff \"${PODS_PODFILE_DIR_PATH}/Podfile.lock\" \"${PODS_ROOT}/Manifest.lock\" > /dev/null\nif [ $? != 0 ] ; then\n    # print error to STDERR\n    echo \"error: The sandbox is not in sync with the Podfile.lock. Run 'pod install' or update your CocoaPods installation.\" >&2\n    exit 1\nfi\n# This output is used by Xcode 'outputs' to avoid re-running this script phase.\necho \"SUCCESS\" > \"${SCRIPT_OUTPUT_FILE_0}\"\n";
			showEnvVarsInLog = 0;
		};
		97D07CE1BDAE5F72EC5ED92D /* [CP] Check Pods Manifest.lock */ = {
			isa = PBXShellScriptBuildPhase;
			buildActionMask = 2147483647;
			files = (
			);
			inputFileListPaths = (
			);
			inputPaths = (
				"${PODS_PODFILE_DIR_PATH}/Podfile.lock",
				"${PODS_ROOT}/Manifest.lock",
			);
			name = "[CP] Check Pods Manifest.lock";
			outputFileListPaths = (
			);
			outputPaths = (
				"$(DERIVED_FILE_DIR)/Pods-mercadopagoApiTests-checkManifestLockResult.txt",
			);
			runOnlyForDeploymentPostprocessing = 0;
			shellPath = /bin/sh;
			shellScript = "diff \"${PODS_PODFILE_DIR_PATH}/Podfile.lock\" \"${PODS_ROOT}/Manifest.lock\" > /dev/null\nif [ $? != 0 ] ; then\n    # print error to STDERR\n    echo \"error: The sandbox is not in sync with the Podfile.lock. Run 'pod install' or update your CocoaPods installation.\" >&2\n    exit 1\nfi\n# This output is used by Xcode 'outputs' to avoid re-running this script phase.\necho \"SUCCESS\" > \"${SCRIPT_OUTPUT_FILE_0}\"\n";
			showEnvVarsInLog = 0;
		};
		C644A6E3424BFC38D17CBEC5 /* [CP] Embed Pods Frameworks */ = {
			isa = PBXShellScriptBuildPhase;
			buildActionMask = 2147483647;
			files = (
			);
			inputFileListPaths = (
			);
			inputPaths = (
				"${PODS_ROOT}/Target Support Files/Pods-mercadopagoApi/Pods-mercadopagoApi-frameworks.sh",
				"${BUILT_PRODUCTS_DIR}/Alamofire/Alamofire.framework",
			);
			name = "[CP] Embed Pods Frameworks";
			outputFileListPaths = (
			);
			outputPaths = (
				"${TARGET_BUILD_DIR}/${FRAMEWORKS_FOLDER_PATH}/Alamofire.framework",
			);
			runOnlyForDeploymentPostprocessing = 0;
			shellPath = /bin/sh;
			shellScript = "\"${PODS_ROOT}/Target Support Files/Pods-mercadopagoApi/Pods-mercadopagoApi-frameworks.sh\"\n";
			showEnvVarsInLog = 0;
		};
/* End PBXShellScriptBuildPhase section */

/* Begin PBXSourcesBuildPhase section */
		62E0E07C220F8C2200B6AC59 /* Sources */ = {
			isa = PBXSourcesBuildPhase;
			buildActionMask = 2147483647;
			files = (
				62E0E086220F8C2200B6AC59 /* ViewController.swift in Sources */,
				62E0E084220F8C2200B6AC59 /* AppDelegate.swift in Sources */,
			);
			runOnlyForDeploymentPostprocessing = 0;
		};
		62E0E090220F8C2600B6AC59 /* Sources */ = {
			isa = PBXSourcesBuildPhase;
			buildActionMask = 2147483647;
			files = (
				62E0E099220F8C2600B6AC59 /* mercadopagoApiTests.swift in Sources */,
			);
			runOnlyForDeploymentPostprocessing = 0;
		};
		62E0E09B220F8C2600B6AC59 /* Sources */ = {
			isa = PBXSourcesBuildPhase;
			buildActionMask = 2147483647;
			files = (
				62E0E0A4220F8C2600B6AC59 /* mercadopagoApiUITests.swift in Sources */,
			);
			runOnlyForDeploymentPostprocessing = 0;
		};
/* End PBXSourcesBuildPhase section */

/* Begin PBXTargetDependency section */
		62E0E096220F8C2600B6AC59 /* PBXTargetDependency */ = {
			isa = PBXTargetDependency;
			target = 62E0E07F220F8C2200B6AC59 /* mercadopagoApi */;
			targetProxy = 62E0E095220F8C2600B6AC59 /* PBXContainerItemProxy */;
		};
		62E0E0A1220F8C2600B6AC59 /* PBXTargetDependency */ = {
			isa = PBXTargetDependency;
			target = 62E0E07F220F8C2200B6AC59 /* mercadopagoApi */;
			targetProxy = 62E0E0A0220F8C2600B6AC59 /* PBXContainerItemProxy */;
		};
/* End PBXTargetDependency section */

/* Begin PBXVariantGroup section */
		62E0E087220F8C2200B6AC59 /* Main.storyboard */ = {
			isa = PBXVariantGroup;
			children = (
				62E0E088220F8C2200B6AC59 /* Base */,
			);
			name = Main.storyboard;
			sourceTree = "<group>";
		};
		62E0E08C220F8C2500B6AC59 /* LaunchScreen.storyboard */ = {
			isa = PBXVariantGroup;
			children = (
				62E0E08D220F8C2500B6AC59 /* Base */,
			);
			name = LaunchScreen.storyboard;
			sourceTree = "<group>";
		};
/* End PBXVariantGroup section */

/* Begin XCBuildConfiguration section */
		62E0E0A6220F8C2600B6AC59 /* Debug */ = {
			isa = XCBuildConfiguration;
			buildSettings = {
				ALWAYS_SEARCH_USER_PATHS = NO;
				CLANG_ANALYZER_NONNULL = YES;
				CLANG_ANALYZER_NUMBER_OBJECT_CONVERSION = YES_AGGRESSIVE;
				CLANG_CXX_LANGUAGE_STANDARD = "gnu++14";
				CLANG_CXX_LIBRARY = "libc++";
				CLANG_ENABLE_MODULES = YES;
				CLANG_ENABLE_OBJC_ARC = YES;
				CLANG_ENABLE_OBJC_WEAK = YES;
				CLANG_WARN_BLOCK_CAPTURE_AUTORELEASING = YES;
				CLANG_WARN_BOOL_CONVERSION = YES;
				CLANG_WARN_COMMA = YES;
				CLANG_WARN_CONSTANT_CONVERSION = YES;
				CLANG_WARN_DEPRECATED_OBJC_IMPLEMENTATIONS = YES;
				CLANG_WARN_DIRECT_OBJC_ISA_USAGE = YES_ERROR;
				CLANG_WARN_DOCUMENTATION_COMMENTS = YES;
				CLANG_WARN_EMPTY_BODY = YES;
				CLANG_WARN_ENUM_CONVERSION = YES;
				CLANG_WARN_INFINITE_RECURSION = YES;
				CLANG_WARN_INT_CONVERSION = YES;
				CLANG_WARN_NON_LITERAL_NULL_CONVERSION = YES;
				CLANG_WARN_OBJC_IMPLICIT_RETAIN_SELF = YES;
				CLANG_WARN_OBJC_LITERAL_CONVERSION = YES;
				CLANG_WARN_OBJC_ROOT_CLASS = YES_ERROR;
				CLANG_WARN_RANGE_LOOP_ANALYSIS = YES;
				CLANG_WARN_STRICT_PROTOTYPES = YES;
				CLANG_WARN_SUSPICIOUS_MOVE = YES;
				CLANG_WARN_UNGUARDED_AVAILABILITY = YES_AGGRESSIVE;
				CLANG_WARN_UNREACHABLE_CODE = YES;
				CLANG_WARN__DUPLICATE_METHOD_MATCH = YES;
				CODE_SIGN_IDENTITY = "iPhone Developer";
				COPY_PHASE_STRIP = NO;
				DEBUG_INFORMATION_FORMAT = dwarf;
				ENABLE_STRICT_OBJC_MSGSEND = YES;
				ENABLE_TESTABILITY = YES;
				GCC_C_LANGUAGE_STANDARD = gnu11;
				GCC_DYNAMIC_NO_PIC = NO;
				GCC_NO_COMMON_BLOCKS = YES;
				GCC_OPTIMIZATION_LEVEL = 0;
				GCC_PREPROCESSOR_DEFINITIONS = (
					"DEBUG=1",
					"$(inherited)",
				);
				GCC_WARN_64_TO_32_BIT_CONVERSION = YES;
				GCC_WARN_ABOUT_RETURN_TYPE = YES_ERROR;
				GCC_WARN_UNDECLARED_SELECTOR = YES;
				GCC_WARN_UNINITIALIZED_AUTOS = YES_AGGRESSIVE;
				GCC_WARN_UNUSED_FUNCTION = YES;
				GCC_WARN_UNUSED_VARIABLE = YES;
				IPHONEOS_DEPLOYMENT_TARGET = 12.1;
				MTL_ENABLE_DEBUG_INFO = INCLUDE_SOURCE;
				MTL_FAST_MATH = YES;
				ONLY_ACTIVE_ARCH = YES;
				SDKROOT = iphoneos;
				SWIFT_ACTIVE_COMPILATION_CONDITIONS = DEBUG;
				SWIFT_OPTIMIZATION_LEVEL = "-Onone";
			};
			name = Debug;
		};
		62E0E0A7220F8C2600B6AC59 /* Release */ = {
			isa = XCBuildConfiguration;
			buildSettings = {
				ALWAYS_SEARCH_USER_PATHS = NO;
				CLANG_ANALYZER_NONNULL = YES;
				CLANG_ANALYZER_NUMBER_OBJECT_CONVERSION = YES_AGGRESSIVE;
				CLANG_CXX_LANGUAGE_STANDARD = "gnu++14";
				CLANG_CXX_LIBRARY = "libc++";
				CLANG_ENABLE_MODULES = YES;
				CLANG_ENABLE_OBJC_ARC = YES;
				CLANG_ENABLE_OBJC_WEAK = YES;
				CLANG_WARN_BLOCK_CAPTURE_AUTORELEASING = YES;
				CLANG_WARN_BOOL_CONVERSION = YES;
				CLANG_WARN_COMMA = YES;
				CLANG_WARN_CONSTANT_CONVERSION = YES;
				CLANG_WARN_DEPRECATED_OBJC_IMPLEMENTATIONS = YES;
				CLANG_WARN_DIRECT_OBJC_ISA_USAGE = YES_ERROR;
				CLANG_WARN_DOCUMENTATION_COMMENTS = YES;
				CLANG_WARN_EMPTY_BODY = YES;
				CLANG_WARN_ENUM_CONVERSION = YES;
				CLANG_WARN_INFINITE_RECURSION = YES;
				CLANG_WARN_INT_CONVERSION = YES;
				CLANG_WARN_NON_LITERAL_NULL_CONVERSION = YES;
				CLANG_WARN_OBJC_IMPLICIT_RETAIN_SELF = YES;
				CLANG_WARN_OBJC_LITERAL_CONVERSION = YES;
				CLANG_WARN_OBJC_ROOT_CLASS = YES_ERROR;
				CLANG_WARN_RANGE_LOOP_ANALYSIS = YES;
				CLANG_WARN_STRICT_PROTOTYPES = YES;
				CLANG_WARN_SUSPICIOUS_MOVE = YES;
				CLANG_WARN_UNGUARDED_AVAILABILITY = YES_AGGRESSIVE;
				CLANG_WARN_UNREACHABLE_CODE = YES;
				CLANG_WARN__DUPLICATE_METHOD_MATCH = YES;
				CODE_SIGN_IDENTITY = "iPhone Developer";
				COPY_PHASE_STRIP = NO;
				DEBUG_INFORMATION_FORMAT = "dwarf-with-dsym";
				ENABLE_NS_ASSERTIONS = NO;
				ENABLE_STRICT_OBJC_MSGSEND = YES;
				GCC_C_LANGUAGE_STANDARD = gnu11;
				GCC_NO_COMMON_BLOCKS = YES;
				GCC_WARN_64_TO_32_BIT_CONVERSION = YES;
				GCC_WARN_ABOUT_RETURN_TYPE = YES_ERROR;
				GCC_WARN_UNDECLARED_SELECTOR = YES;
				GCC_WARN_UNINITIALIZED_AUTOS = YES_AGGRESSIVE;
				GCC_WARN_UNUSED_FUNCTION = YES;
				GCC_WARN_UNUSED_VARIABLE = YES;
				IPHONEOS_DEPLOYMENT_TARGET = 12.1;
				MTL_ENABLE_DEBUG_INFO = NO;
				MTL_FAST_MATH = YES;
				SDKROOT = iphoneos;
				SWIFT_COMPILATION_MODE = wholemodule;
				SWIFT_OPTIMIZATION_LEVEL = "-O";
				VALIDATE_PRODUCT = YES;
			};
			name = Release;
		};
		62E0E0A9220F8C2600B6AC59 /* Debug */ = {
			isa = XCBuildConfiguration;
			baseConfigurationReference = 7F399BF95D75971438F2BAC4 /* Pods-mercadopagoApi.debug.xcconfig */;
			buildSettings = {
				ASSETCATALOG_COMPILER_APPICON_NAME = AppIcon;
				CODE_SIGN_STYLE = Automatic;
				DEVELOPMENT_TEAM = N4NJRFX226;
				INFOPLIST_FILE = mercadopagoApi/Info.plist;
				LD_RUNPATH_SEARCH_PATHS = (
					"$(inherited)",
					"@executable_path/Frameworks",
				);
				PRODUCT_BUNDLE_IDENTIFIER = com.rgm.mercadopagoApi;
				PRODUCT_NAME = "$(TARGET_NAME)";
				SWIFT_VERSION = 4.2;
				TARGETED_DEVICE_FAMILY = "1,2";
			};
			name = Debug;
		};
		62E0E0AA220F8C2600B6AC59 /* Release */ = {
			isa = XCBuildConfiguration;
			baseConfigurationReference = 07C557956376692EB1537D31 /* Pods-mercadopagoApi.release.xcconfig */;
			buildSettings = {
				ASSETCATALOG_COMPILER_APPICON_NAME = AppIcon;
				CODE_SIGN_STYLE = Automatic;
				DEVELOPMENT_TEAM = N4NJRFX226;
				INFOPLIST_FILE = mercadopagoApi/Info.plist;
				LD_RUNPATH_SEARCH_PATHS = (
					"$(inherited)",
					"@executable_path/Frameworks",
				);
				PRODUCT_BUNDLE_IDENTIFIER = com.rgm.mercadopagoApi;
				PRODUCT_NAME = "$(TARGET_NAME)";
				SWIFT_VERSION = 4.2;
				TARGETED_DEVICE_FAMILY = "1,2";
			};
			name = Release;
		};
		62E0E0AC220F8C2600B6AC59 /* Debug */ = {
			isa = XCBuildConfiguration;
			baseConfigurationReference = B7C225957E7D48E4AE8B1E7D /* Pods-mercadopagoApiTests.debug.xcconfig */;
			buildSettings = {
				ALWAYS_EMBED_SWIFT_STANDARD_LIBRARIES = YES;
				BUNDLE_LOADER = "$(TEST_HOST)";
				CODE_SIGN_STYLE = Automatic;
				DEVELOPMENT_TEAM = N4NJRFX226;
				INFOPLIST_FILE = mercadopagoApiTests/Info.plist;
				LD_RUNPATH_SEARCH_PATHS = (
					"$(inherited)",
					"@executable_path/Frameworks",
					"@loader_path/Frameworks",
				);
				PRODUCT_BUNDLE_IDENTIFIER = com.rgm.mercadopagoApiTests;
				PRODUCT_NAME = "$(TARGET_NAME)";
				SWIFT_VERSION = 4.2;
				TARGETED_DEVICE_FAMILY = "1,2";
				TEST_HOST = "$(BUILT_PRODUCTS_DIR)/mercadopagoApi.app/mercadopagoApi";
			};
			name = Debug;
		};
		62E0E0AD220F8C2600B6AC59 /* Release */ = {
			isa = XCBuildConfiguration;
			baseConfigurationReference = 5AF5AC80B687565A0C2D768A /* Pods-mercadopagoApiTests.release.xcconfig */;
			buildSettings = {
				ALWAYS_EMBED_SWIFT_STANDARD_LIBRARIES = YES;
				BUNDLE_LOADER = "$(TEST_HOST)";
				CODE_SIGN_STYLE = Automatic;
				DEVELOPMENT_TEAM = N4NJRFX226;
				INFOPLIST_FILE = mercadopagoApiTests/Info.plist;
				LD_RUNPATH_SEARCH_PATHS = (
					"$(inherited)",
					"@executable_path/Frameworks",
					"@loader_path/Frameworks",
				);
				PRODUCT_BUNDLE_IDENTIFIER = com.rgm.mercadopagoApiTests;
				PRODUCT_NAME = "$(TARGET_NAME)";
				SWIFT_VERSION = 4.2;
				TARGETED_DEVICE_FAMILY = "1,2";
				TEST_HOST = "$(BUILT_PRODUCTS_DIR)/mercadopagoApi.app/mercadopagoApi";
			};
			name = Release;
		};
		62E0E0AF220F8C2600B6AC59 /* Debug */ = {
			isa = XCBuildConfiguration;
			baseConfigurationReference = 78199C22D1EC4E2BBF5130AB /* Pods-mercadopagoApiUITests.debug.xcconfig */;
			buildSettings = {
				ALWAYS_EMBED_SWIFT_STANDARD_LIBRARIES = YES;
				CODE_SIGN_STYLE = Automatic;
				DEVELOPMENT_TEAM = N4NJRFX226;
				INFOPLIST_FILE = mercadopagoApiUITests/Info.plist;
				LD_RUNPATH_SEARCH_PATHS = (
					"$(inherited)",
					"@executable_path/Frameworks",
					"@loader_path/Frameworks",
				);
				PRODUCT_BUNDLE_IDENTIFIER = com.rgm.mercadopagoApiUITests;
				PRODUCT_NAME = "$(TARGET_NAME)";
				SWIFT_VERSION = 4.2;
				TARGETED_DEVICE_FAMILY = "1,2";
				TEST_TARGET_NAME = mercadopagoApi;
			};
			name = Debug;
		};
		62E0E0B0220F8C2600B6AC59 /* Release */ = {
			isa = XCBuildConfiguration;
			baseConfigurationReference = FF7F788BD6AB148276A13BA3 /* Pods-mercadopagoApiUITests.release.xcconfig */;
			buildSettings = {
				ALWAYS_EMBED_SWIFT_STANDARD_LIBRARIES = YES;
				CODE_SIGN_STYLE = Automatic;
				DEVELOPMENT_TEAM = N4NJRFX226;
				INFOPLIST_FILE = mercadopagoApiUITests/Info.plist;
				LD_RUNPATH_SEARCH_PATHS = (
					"$(inherited)",
					"@executable_path/Frameworks",
					"@loader_path/Frameworks",
				);
				PRODUCT_BUNDLE_IDENTIFIER = com.rgm.mercadopagoApiUITests;
				PRODUCT_NAME = "$(TARGET_NAME)";
				SWIFT_VERSION = 4.2;
				TARGETED_DEVICE_FAMILY = "1,2";
				TEST_TARGET_NAME = mercadopagoApi;
			};
			name = Release;
		};
/* End XCBuildConfiguration section */

/* Begin XCConfigurationList section */
		62E0E07B220F8C2200B6AC59 /* Build configuration list for PBXProject "mercadopagoApi" */ = {
			isa = XCConfigurationList;
			buildConfigurations = (
				62E0E0A6220F8C2600B6AC59 /* Debug */,
				62E0E0A7220F8C2600B6AC59 /* Release */,
			);
			defaultConfigurationIsVisible = 0;
			defaultConfigurationName = Release;
		};
		62E0E0A8220F8C2600B6AC59 /* Build configuration list for PBXNativeTarget "mercadopagoApi" */ = {
			isa = XCConfigurationList;
			buildConfigurations = (
				62E0E0A9220F8C2600B6AC59 /* Debug */,
				62E0E0AA220F8C2600B6AC59 /* Release */,
			);
			defaultConfigurationIsVisible = 0;
			defaultConfigurationName = Release;
		};
		62E0E0AB220F8C2600B6AC59 /* Build configuration list for PBXNativeTarget "mercadopagoApiTests" */ = {
			isa = XCConfigurationList;
			buildConfigurations = (
				62E0E0AC220F8C2600B6AC59 /* Debug */,
				62E0E0AD220F8C2600B6AC59 /* Release */,
			);
			defaultConfigurationIsVisible = 0;
			defaultConfigurationName = Release;
		};
		62E0E0AE220F8C2600B6AC59 /* Build configuration list for PBXNativeTarget "mercadopagoApiUITests" */ = {
			isa = XCConfigurationList;
			buildConfigurations = (
				62E0E0AF220F8C2600B6AC59 /* Debug */,
				62E0E0B0220F8C2600B6AC59 /* Release */,
			);
			defaultConfigurationIsVisible = 0;
			defaultConfigurationName = Release;
		};
/* End XCConfigurationList section */
	};
	rootObject = 62E0E078220F8C2200B6AC59 /* Project object */;
}
